
Microsoft Visual Studio Solution File, Format Version 12.00
# Visual Studio 15
VisualStudioVersion = 15.0.27130.2036
MinimumVisualStudioVersion = 10.0.40219.1
Project("{FAE04EC0-301F-11D3-BF4B-00C04F79EFBC}") = "RandomPractiseStuff", "RandomPractiseStuff\RandomPractiseStuff.csproj", "{EB94FB40-6F0D-483D-9406-B982B428E6AB}"
EndProject
Project("{FAE04EC0-301F-11D3-BF4B-00C04F79EFBC}") = "RandomPractiseForms", "RandomPractiseForms\RandomPractiseForms.csproj", "{CA1F2581-33A5-4B79-93DB-76B4B61479E0}"
EndProject
Project("{FAE04EC0-301F-11D3-BF4B-00C04F79EFBC}") = "CyrilicConverter", "CyrilicConverter\CyrilicConverter.csproj", "{F9EF0DBC-7E1C-4EDE-8D32-DDEB81509A3A}"
EndProject
Project("{FAE04EC0-301F-11D3-BF4B-00C04F79EFBC}") = "AutoCompleteTextBox", "AutoCompleteTextBox\AutoCompleteTextBox.csproj", "{F6315C88-4575-4679-ADE7-838655BE0446}"
EndProject
Project("{FAE04EC0-301F-11D3-BF4B-00C04F79EFBC}") = "StringFormatDouble", "StringFormatDouble\StringFormatDouble.csproj", "{80F0F410-32EB-4698-8C50-26F278332DFF}"
EndProject
Project("{FAE04EC0-301F-11D3-BF4B-00C04F79EFBC}") = "CountFileExtensions", "CountFileExtensions\CountFileExtensions.csproj", "{0DF9E8CC-7050-4599-89DA-0C1947FE8930}"
EndProject
Project("{FAE04EC0-301F-11D3-BF4B-00C04F79EFBC}") = "ReverseString", "ReverseString\ReverseString.csproj", "{29927839-4F63-4D26-8088-781720A073FB}"
EndProject
Project("{FAE04EC0-301F-11D3-BF4B-00C04F79EFBC}") = "ArrayDuplicate", "ArrayDuplicate\ArrayDuplicate.csproj", "{917F6A6D-D37B-417C-9BF0-62FAE8FDE137}"
EndProject
Global
	GlobalSection(SolutionConfigurationPlatforms) = preSolution
		Debug|Any CPU = Debug|Any CPU
		Release|Any CPU = Release|Any CPU
	EndGlobalSection
	GlobalSection(ProjectConfigurationPlatforms) = postSolution
		{EB94FB40-6F0D-483D-9406-B982B428E6AB}.Debug|Any CPU.ActiveCfg = Debug|Any CPU
		{EB94FB40-6F0D-483D-9406-B982B428E6AB}.Debug|Any CPU.Build.0 = Debug|Any CPU
		{EB94FB40-6F0D-483D-9406-B982B428E6AB}.Release|Any CPU.ActiveCfg = Release|Any CPU
		{EB94FB40-6F0D-483D-9406-B982B428E6AB}.Release|Any CPU.Build.0 = Release|Any CPU
		{CA1F2581-33A5-4B79-93DB-76B4B61479E0}.Debug|Any CPU.ActiveCfg = Debug|Any CPU
		{CA1F2581-33A5-4B79-93DB-76B4B61479E0}.Debug|Any CPU.Build.0 = Debug|Any CPU
		{CA1F2581-33A5-4B79-93DB-76B4B61479E0}.Release|Any CPU.ActiveCfg = Release|Any CPU
		{CA1F2581-33A5-4B79-93DB-76B4B61479E0}.Release|Any CPU.Build.0 = Release|Any CPU
		{F9EF0DBC-7E1C-4EDE-8D32-DDEB81509A3A}.Debug|Any CPU.ActiveCfg = Debug|Any CPU
		{F9EF0DBC-7E1C-4EDE-8D32-DDEB81509A3A}.Debug|Any CPU.Build.0 = Debug|Any CPU
		{F9EF0DBC-7E1C-4EDE-8D32-DDEB81509A3A}.Release|Any CPU.ActiveCfg = Release|Any CPU
		{F9EF0DBC-7E1C-4EDE-8D32-DDEB81509A3A}.Release|Any CPU.Build.0 = Release|Any CPU
		{F6315C88-4575-4679-ADE7-838655BE0446}.Debug|Any CPU.ActiveCfg = Debug|Any CPU
		{F6315C88-4575-4679-ADE7-838655BE0446}.Debug|Any CPU.Build.0 = Debug|Any CPU
		{F6315C88-4575-4679-ADE7-838655BE0446}.Release|Any CPU.ActiveCfg = Release|Any CPU
		{F6315C88-4575-4679-ADE7-838655BE0446}.Release|Any CPU.Build.0 = Release|Any CPU
		{80F0F410-32EB-4698-8C50-26F278332DFF}.Debug|Any CPU.ActiveCfg = Debug|Any CPU
		{80F0F410-32EB-4698-8C50-26F278332DFF}.Debug|Any CPU.Build.0 = Debug|Any CPU
		{80F0F410-32EB-4698-8C50-26F278332DFF}.Release|Any CPU.ActiveCfg = Release|Any CPU
		{80F0F410-32EB-4698-8C50-26F278332DFF}.Release|Any CPU.Build.0 = Release|Any CPU
		{0DF9E8CC-7050-4599-89DA-0C1947FE8930}.Debug|Any CPU.ActiveCfg = Debug|Any CPU
		{0DF9E8CC-7050-4599-89DA-0C1947FE8930}.Debug|Any CPU.Build.0 = Debug|Any CPU
		{0DF9E8CC-7050-4599-89DA-0C1947FE8930}.Release|Any CPU.ActiveCfg = Release|Any CPU
		{0DF9E8CC-7050-4599-89DA-0C1947FE8930}.Release|Any CPU.Build.0 = Release|Any CPU
		{29927839-4F63-4D26-8088-781720A073FB}.Debug|Any CPU.ActiveCfg = Debug|Any CPU
		{29927839-4F63-4D26-8088-781720A073FB}.Debug|Any CPU.Build.0 = Debug|Any CPU
		{29927839-4F63-4D26-8088-781720A073FB}.Release|Any CPU.ActiveCfg = Release|Any CPU
		{29927839-4F63-4D26-8088-781720A073FB}.Release|Any CPU.Build.0 = Release|Any CPU
		{917F6A6D-D37B-417C-9BF0-62FAE8FDE137}.Debug|Any CPU.ActiveCfg = Debug|Any CPU
		{917F6A6D-D37B-417C-9BF0-62FAE8FDE137}.Debug|Any CPU.Build.0 = Debug|Any CPU
		{917F6A6D-D37B-417C-9BF0-62FAE8FDE137}.Release|Any CPU.ActiveCfg = Release|Any CPU
		{917F6A6D-D37B-417C-9BF0-62FAE8FDE137}.Release|Any CPU.Build.0 = Release|Any CPU
	EndGlobalSection
	GlobalSection(SolutionProperties) = preSolution
		HideSolutionNode = FALSE
	EndGlobalSection
	GlobalSection(ExtensibilityGlobals) = postSolution
		SolutionGuid = {D78B7F60-DECB-47A4-9280-0D232879E402}
	EndGlobalSection
EndGlobal
